
Microsoft Visual Studio Solution File, Format Version 12.00
# Visual Studio Version 17
VisualStudioVersion = 17.4.33205.214
MinimumVisualStudioVersion = 10.0.40219.1
Project("{FAE04EC0-301F-11D3-BF4B-00C04F79EFBC}") = "Framework", "Framework\Framework.csproj", "{CD1872D9-D740-45AC-BE24-F0B7488D41B6}"
EndProject
Project("{FAE04EC0-301F-11D3-BF4B-00C04F79EFBC}") = "Tests", "Tests\Tests.csproj", "{96CEE75A-4C4B-431C-8097-861D3012954A}"
EndProject
Global
	GlobalSection(SolutionConfigurationPlatforms) = preSolution
		Debug|Any CPU = Debug|Any CPU
		Release|Any CPU = Release|Any CPU
	EndGlobalSection
	GlobalSection(ProjectConfigurationPlatforms) = postSolution
		{CD1872D9-D740-45AC-BE24-F0B7488D41B6}.Debug|Any CPU.ActiveCfg = Debug|Any CPU
		{CD1872D9-D740-45AC-BE24-F0B7488D41B6}.Debug|Any CPU.Build.0 = Debug|Any CPU
		{CD1872D9-D740-45AC-BE24-F0B7488D41B6}.Release|Any CPU.ActiveCfg = Release|Any CPU
		{CD1872D9-D740-45AC-BE24-F0B7488D41B6}.Release|Any CPU.Build.0 = Release|Any CPU
		{96CEE75A-4C4B-431C-8097-861D3012954A}.Debug|Any CPU.ActiveCfg = Debug|Any CPU
		{96CEE75A-4C4B-431C-8097-861D3012954A}.Debug|Any CPU.Build.0 = Debug|Any CPU
		{96CEE75A-4C4B-431C-8097-861D3012954A}.Release|Any CPU.ActiveCfg = Release|Any CPU
		{96CEE75A-4C4B-431C-8097-861D3012954A}.Release|Any CPU.Build.0 = Release|Any CPU
	EndGlobalSection
	GlobalSection(SolutionProperties) = preSolution
		HideSolutionNode = FALSE
	EndGlobalSection
	GlobalSection(ExtensibilityGlobals) = postSolution
		SolutionGuid = {C0DCED3A-F3A6-4618-8112-1027B00DF658}
	EndGlobalSection
EndGlobal
